
Microsoft Visual Studio Solution File, Format Version 12.00
# Visual Studio Version 17
VisualStudioVersion = 17.3.32811.315
MinimumVisualStudioVersion = 10.0.40219.1
Project("{FAE04EC0-301F-11D3-BF4B-00C04F79EFBC}") = "Lab08.Android", "Lab08\Lab08.Android\Lab08.Android.csproj", "{69C2F836-6B71-4EC8-AE23-4CA63897AC23}"
EndProject
Project("{FAE04EC0-301F-11D3-BF4B-00C04F79EFBC}") = "Lab08.iOS", "Lab08\Lab08.iOS\Lab08.iOS.csproj", "{B6E1197E-C7DA-4CED-BEE4-61AA9DFEF15A}"
EndProject
Project("{FAE04EC0-301F-11D3-BF4B-00C04F79EFBC}") = "Lab08", "Lab08\Lab08\Lab08.csproj", "{D4B703E8-4100-4306-9A00-19859F404AF5}"
EndProject
Global
	GlobalSection(SolutionConfigurationPlatforms) = preSolution
		Debug|Any CPU = Debug|Any CPU
		Debug|iPhone = Debug|iPhone
		Debug|iPhoneSimulator = Debug|iPhoneSimulator
		Release|Any CPU = Release|Any CPU
		Release|iPhone = Release|iPhone
		Release|iPhoneSimulator = Release|iPhoneSimulator
	EndGlobalSection
	GlobalSection(ProjectConfigurationPlatforms) = postSolution
		{69C2F836-6B71-4EC8-AE23-4CA63897AC23}.Debug|Any CPU.ActiveCfg = Debug|Any CPU
		{69C2F836-6B71-4EC8-AE23-4CA63897AC23}.Debug|Any CPU.Build.0 = Debug|Any CPU
		{69C2F836-6B71-4EC8-AE23-4CA63897AC23}.Debug|Any CPU.Deploy.0 = Debug|Any CPU
		{69C2F836-6B71-4EC8-AE23-4CA63897AC23}.Debug|iPhone.ActiveCfg = Debug|Any CPU
		{69C2F836-6B71-4EC8-AE23-4CA63897AC23}.Debug|iPhone.Build.0 = Debug|Any CPU
		{69C2F836-6B71-4EC8-AE23-4CA63897AC23}.Debug|iPhone.Deploy.0 = Debug|Any CPU
		{69C2F836-6B71-4EC8-AE23-4CA63897AC23}.Debug|iPhoneSimulator.ActiveCfg = Debug|Any CPU
		{69C2F836-6B71-4EC8-AE23-4CA63897AC23}.Debug|iPhoneSimulator.Build.0 = Debug|Any CPU
		{69C2F836-6B71-4EC8-AE23-4CA63897AC23}.Debug|iPhoneSimulator.Deploy.0 = Debug|Any CPU
		{69C2F836-6B71-4EC8-AE23-4CA63897AC23}.Release|Any CPU.ActiveCfg = Release|Any CPU
		{69C2F836-6B71-4EC8-AE23-4CA63897AC23}.Release|Any CPU.Build.0 = Release|Any CPU
		{69C2F836-6B71-4EC8-AE23-4CA63897AC23}.Release|Any CPU.Deploy.0 = Release|Any CPU
		{69C2F836-6B71-4EC8-AE23-4CA63897AC23}.Release|iPhone.ActiveCfg = Release|Any CPU
		{69C2F836-6B71-4EC8-AE23-4CA63897AC23}.Release|iPhone.Build.0 = Release|Any CPU
		{69C2F836-6B71-4EC8-AE23-4CA63897AC23}.Release|iPhone.Deploy.0 = Release|Any CPU
		{69C2F836-6B71-4EC8-AE23-4CA63897AC23}.Release|iPhoneSimulator.ActiveCfg = Release|Any CPU
		{69C2F836-6B71-4EC8-AE23-4CA63897AC23}.Release|iPhoneSimulator.Build.0 = Release|Any CPU
		{69C2F836-6B71-4EC8-AE23-4CA63897AC23}.Release|iPhoneSimulator.Deploy.0 = Release|Any CPU
		{B6E1197E-C7DA-4CED-BEE4-61AA9DFEF15A}.Debug|Any CPU.ActiveCfg = Debug|iPhone
		{B6E1197E-C7DA-4CED-BEE4-61AA9DFEF15A}.Debug|Any CPU.Build.0 = Debug|iPhone
		{B6E1197E-C7DA-4CED-BEE4-61AA9DFEF15A}.Debug|Any CPU.Deploy.0 = Debug|iPhone
		{B6E1197E-C7DA-4CED-BEE4-61AA9DFEF15A}.Debug|iPhone.ActiveCfg = Debug|iPhone
		{B6E1197E-C7DA-4CED-BEE4-61AA9DFEF15A}.Debug|iPhone.Build.0 = Debug|iPhone
		{B6E1197E-C7DA-4CED-BEE4-61AA9DFEF15A}.Debug|iPhone.Deploy.0 = Debug|iPhone
		{B6E1197E-C7DA-4CED-BEE4-61AA9DFEF15A}.Debug|iPhoneSimulator.ActiveCfg = Debug|iPhoneSimulator
		{B6E1197E-C7DA-4CED-BEE4-61AA9DFEF15A}.Debug|iPhoneSimulator.Build.0 = Debug|iPhoneSimulator
		{B6E1197E-C7DA-4CED-BEE4-61AA9DFEF15A}.Debug|iPhoneSimulator.Deploy.0 = Debug|iPhoneSimulator
		{B6E1197E-C7DA-4CED-BEE4-61AA9DFEF15A}.Release|Any CPU.ActiveCfg = Release|iPhoneSimulator
		{B6E1197E-C7DA-4CED-BEE4-61AA9DFEF15A}.Release|Any CPU.Build.0 = Release|iPhoneSimulator
		{B6E1197E-C7DA-4CED-BEE4-61AA9DFEF15A}.Release|Any CPU.Deploy.0 = Release|iPhoneSimulator
		{B6E1197E-C7DA-4CED-BEE4-61AA9DFEF15A}.Release|iPhone.ActiveCfg = Release|iPhone
		{B6E1197E-C7DA-4CED-BEE4-61AA9DFEF15A}.Release|iPhone.Build.0 = Release|iPhone
		{B6E1197E-C7DA-4CED-BEE4-61AA9DFEF15A}.Release|iPhone.Deploy.0 = Release|iPhone
		{B6E1197E-C7DA-4CED-BEE4-61AA9DFEF15A}.Release|iPhoneSimulator.ActiveCfg = Release|iPhoneSimulator
		{B6E1197E-C7DA-4CED-BEE4-61AA9DFEF15A}.Release|iPhoneSimulator.Build.0 = Release|iPhoneSimulator
		{B6E1197E-C7DA-4CED-BEE4-61AA9DFEF15A}.Release|iPhoneSimulator.Deploy.0 = Release|iPhoneSimulator
		{D4B703E8-4100-4306-9A00-19859F404AF5}.Debug|Any CPU.ActiveCfg = Debug|Any CPU
		{D4B703E8-4100-4306-9A00-19859F404AF5}.Debug|Any CPU.Build.0 = Debug|Any CPU
		{D4B703E8-4100-4306-9A00-19859F404AF5}.Debug|Any CPU.Deploy.0 = Debug|Any CPU
		{D4B703E8-4100-4306-9A00-19859F404AF5}.Debug|iPhone.ActiveCfg = Debug|Any CPU
		{D4B703E8-4100-4306-9A00-19859F404AF5}.Debug|iPhone.Build.0 = Debug|Any CPU
		{D4B703E8-4100-4306-9A00-19859F404AF5}.Debug|iPhone.Deploy.0 = Debug|Any CPU
		{D4B703E8-4100-4306-9A00-19859F404AF5}.Debug|iPhoneSimulator.ActiveCfg = Debug|Any CPU
		{D4B703E8-4100-4306-9A00-19859F404AF5}.Debug|iPhoneSimulator.Build.0 = Debug|Any CPU
		{D4B703E8-4100-4306-9A00-19859F404AF5}.Debug|iPhoneSimulator.Deploy.0 = Debug|Any CPU
		{D4B703E8-4100-4306-9A00-19859F404AF5}.Release|Any CPU.ActiveCfg = Release|Any CPU
		{D4B703E8-4100-4306-9A00-19859F404AF5}.Release|Any CPU.Build.0 = Release|Any CPU
		{D4B703E8-4100-4306-9A00-19859F404AF5}.Release|Any CPU.Deploy.0 = Release|Any CPU
		{D4B703E8-4100-4306-9A00-19859F404AF5}.Release|iPhone.ActiveCfg = Release|Any CPU
		{D4B703E8-4100-4306-9A00-19859F404AF5}.Release|iPhone.Build.0 = Release|Any CPU
		{D4B703E8-4100-4306-9A00-19859F404AF5}.Release|iPhone.Deploy.0 = Release|Any CPU
		{D4B703E8-4100-4306-9A00-19859F404AF5}.Release|iPhoneSimulator.ActiveCfg = Release|Any CPU
		{D4B703E8-4100-4306-9A00-19859F404AF5}.Release|iPhoneSimulator.Build.0 = Release|Any CPU
		{D4B703E8-4100-4306-9A00-19859F404AF5}.Release|iPhoneSimulator.Deploy.0 = Release|Any CPU
	EndGlobalSection
	GlobalSection(SolutionProperties) = preSolution
		HideSolutionNode = FALSE
	EndGlobalSection
	GlobalSection(ExtensibilityGlobals) = postSolution
		SolutionGuid = {9C4D3740-F6E9-449C-B274-F060A3020D28}
	EndGlobalSection
EndGlobal
